# This file is autogenerated, do not edit; changes may be undone by the next 'dep ensure'.


[[projects]]
  digest = "1:bb48459ec76efe45f13094480296462ef5c9aaa56662918819b7a8fce3155b8b"
  name = "github.com/bitly/go-nsq"
  packages = ["."]
  pruneopts = "UT"
  revision = "eee57a3ac4174c55924125bb15eeeda8cffb6e6f"
  version = "v1.0.7"

[[projects]]
  branch = "master"
  digest = "1:a7a712d0a3a24418a7abf00f37f36aa858dc0ccb055c62e6fa280b7901b6e5b6"
  name = "github.com/danward79/go.wemo"
  packages = ["."]
  pruneopts = "UT"
  revision = "1e6e989d37021a2b668079b0c22eb94cabf0c9c4"

[[projects]]
  branch = "master"
  digest = "1:4a0c6bb4805508a6287675fac876be2ac1182539ca8a32468d8128882e9d5009"
  name = "github.com/golang/snappy"
  packages = ["."]
  pruneopts = "UT"
  revision = "2e65f85255dbc3072edf28d6b5b8efc472979f5a"

[[projects]]
  branch = "master"
  digest = "1:f86eed4aaef7f7c18323bc94f1a6497dff929da1b28fffe7c7d2aae0c4aecab4"
  name = "github.com/savaki/httpctx"
  packages = ["."]
  pruneopts = "UT"
  revision = "dc87db79c5f8bd8e3ad27b26b33cf9885ce8ddae"

[[projects]]
  branch = "master"
  digest = "1:76ee51c3f468493aff39dbacc401e8831fbb765104cbf613b89bef01cf4bad70"
  name = "golang.org/x/net"
  packages = ["context"]
  pruneopts = "UT"
  revision = "3673e40ba22529d22c3fd7c93e97b0ce50fa7bdd"

[solve-meta]
  analyzer-name = "dep"
  analyzer-version = 1
  input-imports = [
    "github.com/bitly/go-nsq",
    "github.com/danward79/go.wemo",
    "golang.org/x/net/context",
  ]
  solver-name = "gps-cdcl"
  solver-version = 1
